// !$*UTF8*$!
{
	archiveVersion = 1;
	classes = {
	};
	objectVersion = 46;
	objects = {

/* Begin PBXBuildFile section */
		02137C6C19CB32B600F3A61F /* main.m in Sources */ = {isa = PBXBuildFile; fileRef = 02137C6B19CB32B600F3A61F /* main.m */; };
		02137C6F19CB32B600F3A61F /* AppDelegate.m in Sources */ = {isa = PBXBuildFile; fileRef = 02137C6E19CB32B600F3A61F /* AppDelegate.m */; };
		02137C7219CB32B600F3A61F /* ViewController.m in Sources */ = {isa = PBXBuildFile; fileRef = 02137C7119CB32B600F3A61F /* ViewController.m */; };
		02137C7519CB32B600F3A61F /* Main.storyboard in Resources */ = {isa = PBXBuildFile; fileRef = 02137C7319CB32B600F3A61F /* Main.storyboard */; };
		02137C7719CB32B600F3A61F /* Images.xcassets in Resources */ = {isa = PBXBuildFile; fileRef = 02137C7619CB32B600F3A61F /* Images.xcassets */; };
		02137C7A19CB32B600F3A61F /* LaunchScreen.xib in Resources */ = {isa = PBXBuildFile; fileRef = 02137C7819CB32B600F3A61F /* LaunchScreen.xib */; };
		02137C8619CB32B600F3A61F /* VoterBoatTests.m in Sources */ = {isa = PBXBuildFile; fileRef = 02137C8519CB32B600F3A61F /* VoterBoatTests.m */; };
		02137C9019CB36FC00F3A61F /* QuartzCore.framework in Frameworks */ = {isa = PBXBuildFile; fileRef = 02137C8F19CB36FC00F3A61F /* QuartzCore.framework */; };
		0286147919DAFDC900F235EF /* CandidatesController.m in Sources */ = {isa = PBXBuildFile; fileRef = 0286147819DAFDC900F235EF /* CandidatesController.m */; };
		0286147C19DAFFBA00F235EF /* LegislationController.m in Sources */ = {isa = PBXBuildFile; fileRef = 0286147B19DAFFBA00F235EF /* LegislationController.m */; };
		0286147F19DAFFF300F235EF /* ExecutiveController.m in Sources */ = {isa = PBXBuildFile; fileRef = 0286147E19DAFFF300F235EF /* ExecutiveController.m */; };
		0286148319DB00D100F235EF /* USA-White-House.jpg in Resources */ = {isa = PBXBuildFile; fileRef = 0286148019DB00D100F235EF /* USA-White-House.jpg */; };
		0286148419DB00D100F235EF /* o-SUPREME-COURT-facebook.jpg in Resources */ = {isa = PBXBuildFile; fileRef = 0286148119DB00D100F235EF /* o-SUPREME-COURT-facebook.jpg */; };
		0286148519DB00D100F235EF /* 735561B2-EA29-4D18-9B75-F15714D7C7D0_mw1024_s_n.jpg in Resources */ = {isa = PBXBuildFile; fileRef = 0286148219DB00D100F235EF /* 735561B2-EA29-4D18-9B75-F15714D7C7D0_mw1024_s_n.jpg */; };
		0286148819DB011500F235EF /* brandenburg_gate-32@2x.png in Resources */ = {isa = PBXBuildFile; fileRef = 0286148719DB011500F235EF /* brandenburg_gate-32@2x.png */; };
		0286148A19DB012C00F235EF /* business-32@2x.png in Resources */ = {isa = PBXBuildFile; fileRef = 0286148919DB012C00F235EF /* business-32@2x.png */; };
		0286148C19DB014D00F235EF /* law-32@2x.png in Resources */ = {isa = PBXBuildFile; fileRef = 0286148B19DB014D00F235EF /* law-32@2x.png */; };
		0286148E19DB018A00F235EF /* business-32.png in Resources */ = {isa = PBXBuildFile; fileRef = 0286148D19DB018A00F235EF /* business-32.png */; };
		0286149019DB01CD00F235EF /* brandenburg_gate-32.png in Resources */ = {isa = PBXBuildFile; fileRef = 0286148F19DB01CD00F235EF /* brandenburg_gate-32.png */; };
		0286149219DB01E400F235EF /* law-32.png in Resources */ = {isa = PBXBuildFile; fileRef = 0286149119DB01E400F235EF /* law-32.png */; };
		029DBC1219D465AB008844E4 /* LoginSignupController.m in Sources */ = {isa = PBXBuildFile; fileRef = 029DBC1119D465AB008844E4 /* LoginSignupController.m */; };
		029DBC1419D46D8E008844E4 /* Pacifico.ttf in Resources */ = {isa = PBXBuildFile; fileRef = 029DBC1319D46D8E008844E4 /* Pacifico.ttf */; };
		02AC1F1D19E4430F00A664EE /* Images-2.xcassets in Resources */ = {isa = PBXBuildFile; fileRef = 02AC1F1C19E4430F00A664EE /* Images-2.xcassets */; };
		02E4135B19CB3B2E005A4DEF /* 1289493_21101753.jpg in Resources */ = {isa = PBXBuildFile; fileRef = 02E4135A19CB3B2E005A4DEF /* 1289493_21101753.jpg */; };
		DB2CF42F19E6E0230092DF79 /* AFHTTPClient.m in Sources */ = {isa = PBXBuildFile; fileRef = DB2CF41D19E6E0230092DF79 /* AFHTTPClient.m */; };
		DB2CF43019E6E0230092DF79 /* AFHTTPRequestOperation.m in Sources */ = {isa = PBXBuildFile; fileRef = DB2CF41F19E6E0230092DF79 /* AFHTTPRequestOperation.m */; };
		DB2CF43119E6E0230092DF79 /* AFImageRequestOperation.m in Sources */ = {isa = PBXBuildFile; fileRef = DB2CF42119E6E0230092DF79 /* AFImageRequestOperation.m */; };
		DB2CF43219E6E0230092DF79 /* AFJSONRequestOperation.m in Sources */ = {isa = PBXBuildFile; fileRef = DB2CF42319E6E0230092DF79 /* AFJSONRequestOperation.m */; };
		DB2CF43319E6E0230092DF79 /* AFNetworkActivityIndicatorManager.m in Sources */ = {isa = PBXBuildFile; fileRef = DB2CF42519E6E0230092DF79 /* AFNetworkActivityIndicatorManager.m */; };
		DB2CF43419E6E0230092DF79 /* AFPropertyListRequestOperation.m in Sources */ = {isa = PBXBuildFile; fileRef = DB2CF42819E6E0230092DF79 /* AFPropertyListRequestOperation.m */; };
		DB2CF43519E6E0230092DF79 /* AFURLConnectionOperation.m in Sources */ = {isa = PBXBuildFile; fileRef = DB2CF42A19E6E0230092DF79 /* AFURLConnectionOperation.m */; };
		DB2CF43619E6E0230092DF79 /* AFXMLRequestOperation.m in Sources */ = {isa = PBXBuildFile; fileRef = DB2CF42C19E6E0230092DF79 /* AFXMLRequestOperation.m */; };
		DB2CF43719E6E0230092DF79 /* UIImageView+AFNetworking.m in Sources */ = {isa = PBXBuildFile; fileRef = DB2CF42E19E6E0230092DF79 /* UIImageView+AFNetworking.m */; };
		DB2CF43A19E6E02D0092DF79 /* DejalActivityView.m in Sources */ = {isa = PBXBuildFile; fileRef = DB2CF43919E6E02D0092DF79 /* DejalActivityView.m */; };
		DB2CF44619E6E0350092DF79 /* NSObject+SBJSON.m in Sources */ = {isa = PBXBuildFile; fileRef = DB2CF43D19E6E0350092DF79 /* NSObject+SBJSON.m */; };
		DB2CF44719E6E0350092DF79 /* NSString+SBJSON.m in Sources */ = {isa = PBXBuildFile; fileRef = DB2CF43F19E6E0350092DF79 /* NSString+SBJSON.m */; };
		DB2CF44819E6E0350092DF79 /* SBJsonBase.m in Sources */ = {isa = PBXBuildFile; fileRef = DB2CF44119E6E0350092DF79 /* SBJsonBase.m */; };
		DB2CF44919E6E0350092DF79 /* SBJsonParser.m in Sources */ = {isa = PBXBuildFile; fileRef = DB2CF44319E6E0350092DF79 /* SBJsonParser.m */; };
		DB2CF44A19E6E0350092DF79 /* SBJsonWriter.m in Sources */ = {isa = PBXBuildFile; fileRef = DB2CF44519E6E0350092DF79 /* SBJsonWriter.m */; };
/* End PBXBuildFile section */

/* Begin PBXContainerItemProxy section */
		02137C8019CB32B600F3A61F /* PBXContainerItemProxy */ = {
			isa = PBXContainerItemProxy;
			containerPortal = 02137C5E19CB32B600F3A61F /* Project object */;
			proxyType = 1;
			remoteGlobalIDString = 02137C6519CB32B600F3A61F;
			remoteInfo = VoterBoat;
		};
/* End PBXContainerItemProxy section */

/* Begin PBXFileReference section */
		02137C6619CB32B600F3A61F /* VoterBoat.app */ = {isa = PBXFileReference; explicitFileType = wrapper.application; includeInIndex = 0; path = VoterBoat.app; sourceTree = BUILT_PRODUCTS_DIR; };
		02137C6A19CB32B600F3A61F /* Info.plist */ = {isa = PBXFileReference; lastKnownFileType = text.plist.xml; path = Info.plist; sourceTree = "<group>"; };
		02137C6B19CB32B600F3A61F /* main.m */ = {isa = PBXFileReference; lastKnownFileType = sourcecode.c.objc; path = main.m; sourceTree = "<group>"; };
		02137C6D19CB32B600F3A61F /* AppDelegate.h */ = {isa = PBXFileReference; lastKnownFileType = sourcecode.c.h; path = AppDelegate.h; sourceTree = "<group>"; };
		02137C6E19CB32B600F3A61F /* AppDelegate.m */ = {isa = PBXFileReference; lastKnownFileType = sourcecode.c.objc; path = AppDelegate.m; sourceTree = "<group>"; };
		02137C7019CB32B600F3A61F /* ViewController.h */ = {isa = PBXFileReference; lastKnownFileType = sourcecode.c.h; path = ViewController.h; sourceTree = "<group>"; };
		02137C7119CB32B600F3A61F /* ViewController.m */ = {isa = PBXFileReference; lastKnownFileType = sourcecode.c.objc; path = ViewController.m; sourceTree = "<group>"; };
		02137C7419CB32B600F3A61F /* Base */ = {isa = PBXFileReference; lastKnownFileType = file.storyboard; name = Base; path = Base.lproj/Main.storyboard; sourceTree = "<group>"; };
		02137C7619CB32B600F3A61F /* Images.xcassets */ = {isa = PBXFileReference; lastKnownFileType = folder.assetcatalog; path = Images.xcassets; sourceTree = "<group>"; };
		02137C7919CB32B600F3A61F /* Base */ = {isa = PBXFileReference; lastKnownFileType = file.xib; name = Base; path = Base.lproj/LaunchScreen.xib; sourceTree = "<group>"; };
		02137C7F19CB32B600F3A61F /* VoterBoatTests.xctest */ = {isa = PBXFileReference; explicitFileType = wrapper.cfbundle; includeInIndex = 0; path = VoterBoatTests.xctest; sourceTree = BUILT_PRODUCTS_DIR; };
		02137C8419CB32B600F3A61F /* Info.plist */ = {isa = PBXFileReference; lastKnownFileType = text.plist.xml; path = Info.plist; sourceTree = "<group>"; };
		02137C8519CB32B600F3A61F /* VoterBoatTests.m */ = {isa = PBXFileReference; lastKnownFileType = sourcecode.c.objc; path = VoterBoatTests.m; sourceTree = "<group>"; };
		02137C8F19CB36FC00F3A61F /* QuartzCore.framework */ = {isa = PBXFileReference; lastKnownFileType = wrapper.framework; name = QuartzCore.framework; path = System/Library/Frameworks/QuartzCore.framework; sourceTree = SDKROOT; };
		0286147719DAFDC900F235EF /* CandidatesController.h */ = {isa = PBXFileReference; fileEncoding = 4; lastKnownFileType = sourcecode.c.h; path = CandidatesController.h; sourceTree = "<group>"; };
		0286147819DAFDC900F235EF /* CandidatesController.m */ = {isa = PBXFileReference; fileEncoding = 4; lastKnownFileType = sourcecode.c.objc; path = CandidatesController.m; sourceTree = "<group>"; };
		0286147A19DAFFBA00F235EF /* LegislationController.h */ = {isa = PBXFileReference; fileEncoding = 4; lastKnownFileType = sourcecode.c.h; path = LegislationController.h; sourceTree = "<group>"; };
		0286147B19DAFFBA00F235EF /* LegislationController.m */ = {isa = PBXFileReference; fileEncoding = 4; lastKnownFileType = sourcecode.c.objc; path = LegislationController.m; sourceTree = "<group>"; };
		0286147D19DAFFF300F235EF /* ExecutiveController.h */ = {isa = PBXFileReference; fileEncoding = 4; lastKnownFileType = sourcecode.c.h; path = ExecutiveController.h; sourceTree = "<group>"; };
		0286147E19DAFFF300F235EF /* ExecutiveController.m */ = {isa = PBXFileReference; fileEncoding = 4; lastKnownFileType = sourcecode.c.objc; path = ExecutiveController.m; sourceTree = "<group>"; };
		0286148019DB00D100F235EF /* USA-White-House.jpg */ = {isa = PBXFileReference; lastKnownFileType = image.jpeg; path = "USA-White-House.jpg"; sourceTree = "<group>"; };
		0286148119DB00D100F235EF /* o-SUPREME-COURT-facebook.jpg */ = {isa = PBXFileReference; lastKnownFileType = image.jpeg; path = "o-SUPREME-COURT-facebook.jpg"; sourceTree = "<group>"; };
		0286148219DB00D100F235EF /* 735561B2-EA29-4D18-9B75-F15714D7C7D0_mw1024_s_n.jpg */ = {isa = PBXFileReference; lastKnownFileType = image.jpeg; path = "735561B2-EA29-4D18-9B75-F15714D7C7D0_mw1024_s_n.jpg"; sourceTree = "<group>"; };
		0286148719DB011500F235EF /* brandenburg_gate-32@2x.png */ = {isa = PBXFileReference; lastKnownFileType = image.png; path = "brandenburg_gate-32@2x.png"; sourceTree = "<group>"; };
		0286148919DB012C00F235EF /* business-32@2x.png */ = {isa = PBXFileReference; lastKnownFileType = image.png; path = "business-32@2x.png"; sourceTree = "<group>"; };
		0286148B19DB014D00F235EF /* law-32@2x.png */ = {isa = PBXFileReference; lastKnownFileType = image.png; path = "law-32@2x.png"; sourceTree = "<group>"; };
		0286148D19DB018A00F235EF /* business-32.png */ = {isa = PBXFileReference; lastKnownFileType = image.png; path = "business-32.png"; sourceTree = "<group>"; };
		0286148F19DB01CD00F235EF /* brandenburg_gate-32.png */ = {isa = PBXFileReference; lastKnownFileType = image.png; path = "brandenburg_gate-32.png"; sourceTree = "<group>"; };
		0286149119DB01E400F235EF /* law-32.png */ = {isa = PBXFileReference; lastKnownFileType = image.png; path = "law-32.png"; sourceTree = "<group>"; };
		029DBC1019D465AB008844E4 /* LoginSignupController.h */ = {isa = PBXFileReference; fileEncoding = 4; lastKnownFileType = sourcecode.c.h; path = LoginSignupController.h; sourceTree = "<group>"; };
		029DBC1119D465AB008844E4 /* LoginSignupController.m */ = {isa = PBXFileReference; fileEncoding = 4; lastKnownFileType = sourcecode.c.objc; path = LoginSignupController.m; sourceTree = "<group>"; };
		029DBC1319D46D8E008844E4 /* Pacifico.ttf */ = {isa = PBXFileReference; lastKnownFileType = file; path = Pacifico.ttf; sourceTree = "<group>"; };
		02AC1F1C19E4430F00A664EE /* Images-2.xcassets */ = {isa = PBXFileReference; lastKnownFileType = folder.assetcatalog; path = "Images-2.xcassets"; sourceTree = "<group>"; };
		02E4135A19CB3B2E005A4DEF /* 1289493_21101753.jpg */ = {isa = PBXFileReference; lastKnownFileType = image.jpeg; path = 1289493_21101753.jpg; sourceTree = "<group>"; };
		DB2CF41C19E6E0230092DF79 /* AFHTTPClient.h */ = {isa = PBXFileReference; fileEncoding = 4; lastKnownFileType = sourcecode.c.h; name = AFHTTPClient.h; path = AFNetworking/AFHTTPClient.h; sourceTree = "<group>"; };
		DB2CF41D19E6E0230092DF79 /* AFHTTPClient.m */ = {isa = PBXFileReference; fileEncoding = 4; lastKnownFileType = sourcecode.c.objc; name = AFHTTPClient.m; path = AFNetworking/AFHTTPClient.m; sourceTree = "<group>"; };
		DB2CF41E19E6E0230092DF79 /* AFHTTPRequestOperation.h */ = {isa = PBXFileReference; fileEncoding = 4; lastKnownFileType = sourcecode.c.h; name = AFHTTPRequestOperation.h; path = AFNetworking/AFHTTPRequestOperation.h; sourceTree = "<group>"; };
		DB2CF41F19E6E0230092DF79 /* AFHTTPRequestOperation.m */ = {isa = PBXFileReference; fileEncoding = 4; lastKnownFileType = sourcecode.c.objc; name = AFHTTPRequestOperation.m; path = AFNetworking/AFHTTPRequestOperation.m; sourceTree = "<group>"; };
		DB2CF42019E6E0230092DF79 /* AFImageRequestOperation.h */ = {isa = PBXFileReference; fileEncoding = 4; lastKnownFileType = sourcecode.c.h; name = AFImageRequestOperation.h; path = AFNetworking/AFImageRequestOperation.h; sourceTree = "<group>"; };
		DB2CF42119E6E0230092DF79 /* AFImageRequestOperation.m */ = {isa = PBXFileReference; fileEncoding = 4; lastKnownFileType = sourcecode.c.objc; name = AFImageRequestOperation.m; path = AFNetworking/AFImageRequestOperation.m; sourceTree = "<group>"; };
		DB2CF42219E6E0230092DF79 /* AFJSONRequestOperation.h */ = {isa = PBXFileReference; fileEncoding = 4; lastKnownFileType = sourcecode.c.h; name = AFJSONRequestOperation.h; path = AFNetworking/AFJSONRequestOperation.h; sourceTree = "<group>"; };
		DB2CF42319E6E0230092DF79 /* AFJSONRequestOperation.m */ = {isa = PBXFileReference; fileEncoding = 4; lastKnownFileType = sourcecode.c.objc; name = AFJSONRequestOperation.m; path = AFNetworking/AFJSONRequestOperation.m; sourceTree = "<group>"; };
		DB2CF42419E6E0230092DF79 /* AFNetworkActivityIndicatorManager.h */ = {isa = PBXFileReference; fileEncoding = 4; lastKnownFileType = sourcecode.c.h; name = AFNetworkActivityIndicatorManager.h; path = AFNetworking/AFNetworkActivityIndicatorManager.h; sourceTree = "<group>"; };
		DB2CF42519E6E0230092DF79 /* AFNetworkActivityIndicatorManager.m */ = {isa = PBXFileReference; fileEncoding = 4; lastKnownFileType = sourcecode.c.objc; name = AFNetworkActivityIndicatorManager.m; path = AFNetworking/AFNetworkActivityIndicatorManager.m; sourceTree = "<group>"; };
		DB2CF42619E6E0230092DF79 /* AFNetworking.h */ = {isa = PBXFileReference; fileEncoding = 4; lastKnownFileType = sourcecode.c.h; name = AFNetworking.h; path = AFNetworking/AFNetworking.h; sourceTree = "<group>"; };
		DB2CF42719E6E0230092DF79 /* AFPropertyListRequestOperation.h */ = {isa = PBXFileReference; fileEncoding = 4; lastKnownFileType = sourcecode.c.h; name = AFPropertyListRequestOperation.h; path = AFNetworking/AFPropertyListRequestOperation.h; sourceTree = "<group>"; };
		DB2CF42819E6E0230092DF79 /* AFPropertyListRequestOperation.m */ = {isa = PBXFileReference; fileEncoding = 4; lastKnownFileType = sourcecode.c.objc; name = AFPropertyListRequestOperation.m; path = AFNetworking/AFPropertyListRequestOperation.m; sourceTree = "<group>"; };
		DB2CF42919E6E0230092DF79 /* AFURLConnectionOperation.h */ = {isa = PBXFileReference; fileEncoding = 4; lastKnownFileType = sourcecode.c.h; name = AFURLConnectionOperation.h; path = AFNetworking/AFURLConnectionOperation.h; sourceTree = "<group>"; };
		DB2CF42A19E6E0230092DF79 /* AFURLConnectionOperation.m */ = {isa = PBXFileReference; fileEncoding = 4; lastKnownFileType = sourcecode.c.objc; name = AFURLConnectionOperation.m; path = AFNetworking/AFURLConnectionOperation.m; sourceTree = "<group>"; };
		DB2CF42B19E6E0230092DF79 /* AFXMLRequestOperation.h */ = {isa = PBXFileReference; fileEncoding = 4; lastKnownFileType = sourcecode.c.h; name = AFXMLRequestOperation.h; path = AFNetworking/AFXMLRequestOperation.h; sourceTree = "<group>"; };
		DB2CF42C19E6E0230092DF79 /* AFXMLRequestOperation.m */ = {isa = PBXFileReference; fileEncoding = 4; lastKnownFileType = sourcecode.c.objc; name = AFXMLRequestOperation.m; path = AFNetworking/AFXMLRequestOperation.m; sourceTree = "<group>"; };
		DB2CF42D19E6E0230092DF79 /* UIImageView+AFNetworking.h */ = {isa = PBXFileReference; fileEncoding = 4; lastKnownFileType = sourcecode.c.h; name = "UIImageView+AFNetworking.h"; path = "AFNetworking/UIImageView+AFNetworking.h"; sourceTree = "<group>"; };
		DB2CF42E19E6E0230092DF79 /* UIImageView+AFNetworking.m */ = {isa = PBXFileReference; fileEncoding = 4; lastKnownFileType = sourcecode.c.objc; name = "UIImageView+AFNetworking.m"; path = "AFNetworking/UIImageView+AFNetworking.m"; sourceTree = "<group>"; };
		DB2CF43819E6E02D0092DF79 /* DejalActivityView.h */ = {isa = PBXFileReference; fileEncoding = 4; lastKnownFileType = sourcecode.c.h; name = DejalActivityView.h; path = DejalActivityView/DejalActivityView.h; sourceTree = "<group>"; };
		DB2CF43919E6E02D0092DF79 /* DejalActivityView.m */ = {isa = PBXFileReference; fileEncoding = 4; lastKnownFileType = sourcecode.c.objc; name = DejalActivityView.m; path = DejalActivityView/DejalActivityView.m; sourceTree = "<group>"; };
		DB2CF43B19E6E0350092DF79 /* JSON.h */ = {isa = PBXFileReference; fileEncoding = 4; lastKnownFileType = sourcecode.c.h; name = JSON.h; path = SBJson/JSON.h; sourceTree = "<group>"; };
		DB2CF43C19E6E0350092DF79 /* NSObject+SBJSON.h */ = {isa = PBXFileReference; fileEncoding = 4; lastKnownFileType = sourcecode.c.h; name = "NSObject+SBJSON.h"; path = "SBJson/NSObject+SBJSON.h"; sourceTree = "<group>"; };
		DB2CF43D19E6E0350092DF79 /* NSObject+SBJSON.m */ = {isa = PBXFileReference; fileEncoding = 4; lastKnownFileType = sourcecode.c.objc; name = "NSObject+SBJSON.m"; path = "SBJson/NSObject+SBJSON.m"; sourceTree = "<group>"; };
		DB2CF43E19E6E0350092DF79 /* NSString+SBJSON.h */ = {isa = PBXFileReference; fileEncoding = 4; lastKnownFileType = sourcecode.c.h; name = "NSString+SBJSON.h"; path = "SBJson/NSString+SBJSON.h"; sourceTree = "<group>"; };
		DB2CF43F19E6E0350092DF79 /* NSString+SBJSON.m */ = {isa = PBXFileReference; fileEncoding = 4; lastKnownFileType = sourcecode.c.objc; name = "NSString+SBJSON.m"; path = "SBJson/NSString+SBJSON.m"; sourceTree = "<group>"; };
		DB2CF44019E6E0350092DF79 /* SBJsonBase.h */ = {isa = PBXFileReference; fileEncoding = 4; lastKnownFileType = sourcecode.c.h; name = SBJsonBase.h; path = SBJson/SBJsonBase.h; sourceTree = "<group>"; };
		DB2CF44119E6E0350092DF79 /* SBJsonBase.m */ = {isa = PBXFileReference; fileEncoding = 4; lastKnownFileType = sourcecode.c.objc; name = SBJsonBase.m; path = SBJson/SBJsonBase.m; sourceTree = "<group>"; };
		DB2CF44219E6E0350092DF79 /* SBJsonParser.h */ = {isa = PBXFileReference; fileEncoding = 4; lastKnownFileType = sourcecode.c.h; name = SBJsonParser.h; path = SBJson/SBJsonParser.h; sourceTree = "<group>"; };
		DB2CF44319E6E0350092DF79 /* SBJsonParser.m */ = {isa = PBXFileReference; fileEncoding = 4; lastKnownFileType = sourcecode.c.objc; name = SBJsonParser.m; path = SBJson/SBJsonParser.m; sourceTree = "<group>"; };
		DB2CF44419E6E0350092DF79 /* SBJsonWriter.h */ = {isa = PBXFileReference; fileEncoding = 4; lastKnownFileType = sourcecode.c.h; name = SBJsonWriter.h; path = SBJson/SBJsonWriter.h; sourceTree = "<group>"; };
		DB2CF44519E6E0350092DF79 /* SBJsonWriter.m */ = {isa = PBXFileReference; fileEncoding = 4; lastKnownFileType = sourcecode.c.objc; name = SBJsonWriter.m; path = SBJson/SBJsonWriter.m; sourceTree = "<group>"; };
/* End PBXFileReference section */

/* Begin PBXFrameworksBuildPhase section */
		02137C6319CB32B600F3A61F /* Frameworks */ = {
			isa = PBXFrameworksBuildPhase;
			buildActionMask = 2147483647;
			files = (
				02137C9019CB36FC00F3A61F /* QuartzCore.framework in Frameworks */,
			);
			runOnlyForDeploymentPostprocessing = 0;
		};
		02137C7C19CB32B600F3A61F /* Frameworks */ = {
			isa = PBXFrameworksBuildPhase;
			buildActionMask = 2147483647;
			files = (
			);
			runOnlyForDeploymentPostprocessing = 0;
		};
/* End PBXFrameworksBuildPhase section */

/* Begin PBXGroup section */
		02137C5D19CB32B600F3A61F = {
			isa = PBXGroup;
			children = (
				02137C8F19CB36FC00F3A61F /* QuartzCore.framework */,
				02137C6819CB32B600F3A61F /* VoterBoat */,
				02137C8219CB32B600F3A61F /* VoterBoatTests */,
				02137C6719CB32B600F3A61F /* Products */,
			);
			sourceTree = "<group>";
		};
		02137C6719CB32B600F3A61F /* Products */ = {
			isa = PBXGroup;
			children = (
				02137C6619CB32B600F3A61F /* VoterBoat.app */,
				02137C7F19CB32B600F3A61F /* VoterBoatTests.xctest */,
			);
			name = Products;
			sourceTree = "<group>";
		};
		02137C6819CB32B600F3A61F /* VoterBoat */ = {
			isa = PBXGroup;
			children = (
				0286148619DB00D700F235EF /* Assets */,
				02137C6D19CB32B600F3A61F /* AppDelegate.h */,
				02137C6E19CB32B600F3A61F /* AppDelegate.m */,
				02137C7019CB32B600F3A61F /* ViewController.h */,
				02137C7119CB32B600F3A61F /* ViewController.m */,
				029DBC1019D465AB008844E4 /* LoginSignupController.h */,
				029DBC1119D465AB008844E4 /* LoginSignupController.m */,
				0286147719DAFDC900F235EF /* CandidatesController.h */,
				0286147819DAFDC900F235EF /* CandidatesController.m */,
				0286147A19DAFFBA00F235EF /* LegislationController.h */,
				0286147B19DAFFBA00F235EF /* LegislationController.m */,
				0286147D19DAFFF300F235EF /* ExecutiveController.h */,
				0286147E19DAFFF300F235EF /* ExecutiveController.m */,
				02137C7319CB32B600F3A61F /* Main.storyboard */,
				02137C7619CB32B600F3A61F /* Images.xcassets */,
				02137C7819CB32B600F3A61F /* LaunchScreen.xib */,
				02AC1F1C19E4430F00A664EE /* Images-2.xcassets */,
				02137C6919CB32B600F3A61F /* Supporting Files */,
			);
			path = VoterBoat;
			sourceTree = "<group>";
		};
		02137C6919CB32B600F3A61F /* Supporting Files */ = {
			isa = PBXGroup;
			children = (
				DB2CF41B19E6E0070092DF79 /* DejalActivityView */,
				DB2CF41A19E6DFFB0092DF79 /* SBJson */,
				DB2CF41919E6DFF50092DF79 /* AFNetworking */,
				02137C6A19CB32B600F3A61F /* Info.plist */,
				02137C6B19CB32B600F3A61F /* main.m */,
			);
			name = "Supporting Files";
			sourceTree = "<group>";
		};
		02137C8219CB32B600F3A61F /* VoterBoatTests */ = {
			isa = PBXGroup;
			children = (
				02137C8519CB32B600F3A61F /* VoterBoatTests.m */,
				02137C8319CB32B600F3A61F /* Supporting Files */,
			);
			path = VoterBoatTests;
			sourceTree = "<group>";
		};
		02137C8319CB32B600F3A61F /* Supporting Files */ = {
			isa = PBXGroup;
			children = (
				02137C8419CB32B600F3A61F /* Info.plist */,
			);
			name = "Supporting Files";
			sourceTree = "<group>";
		};
		0286148619DB00D700F235EF /* Assets */ = {
			isa = PBXGroup;
			children = (
				0286149119DB01E400F235EF /* law-32.png */,
				0286148F19DB01CD00F235EF /* brandenburg_gate-32.png */,
				0286148D19DB018A00F235EF /* business-32.png */,
				0286148B19DB014D00F235EF /* law-32@2x.png */,
				0286148919DB012C00F235EF /* business-32@2x.png */,
				0286148719DB011500F235EF /* brandenburg_gate-32@2x.png */,
				0286148019DB00D100F235EF /* USA-White-House.jpg */,
				0286148119DB00D100F235EF /* o-SUPREME-COURT-facebook.jpg */,
				0286148219DB00D100F235EF /* 735561B2-EA29-4D18-9B75-F15714D7C7D0_mw1024_s_n.jpg */,
				029DBC1319D46D8E008844E4 /* Pacifico.ttf */,
				02E4135A19CB3B2E005A4DEF /* 1289493_21101753.jpg */,
			);
			name = Assets;
			sourceTree = "<group>";
		};
		DB2CF41919E6DFF50092DF79 /* AFNetworking */ = {
			isa = PBXGroup;
			children = (
				DB2CF41C19E6E0230092DF79 /* AFHTTPClient.h */,
				DB2CF41D19E6E0230092DF79 /* AFHTTPClient.m */,
				DB2CF41E19E6E0230092DF79 /* AFHTTPRequestOperation.h */,
				DB2CF41F19E6E0230092DF79 /* AFHTTPRequestOperation.m */,
				DB2CF42019E6E0230092DF79 /* AFImageRequestOperation.h */,
				DB2CF42119E6E0230092DF79 /* AFImageRequestOperation.m */,
				DB2CF42219E6E0230092DF79 /* AFJSONRequestOperation.h */,
				DB2CF42319E6E0230092DF79 /* AFJSONRequestOperation.m */,
				DB2CF42419E6E0230092DF79 /* AFNetworkActivityIndicatorManager.h */,
				DB2CF42519E6E0230092DF79 /* AFNetworkActivityIndicatorManager.m */,
				DB2CF42619E6E0230092DF79 /* AFNetworking.h */,
				DB2CF42719E6E0230092DF79 /* AFPropertyListRequestOperation.h */,
				DB2CF42819E6E0230092DF79 /* AFPropertyListRequestOperation.m */,
				DB2CF42919E6E0230092DF79 /* AFURLConnectionOperation.h */,
				DB2CF42A19E6E0230092DF79 /* AFURLConnectionOperation.m */,
				DB2CF42B19E6E0230092DF79 /* AFXMLRequestOperation.h */,
				DB2CF42C19E6E0230092DF79 /* AFXMLRequestOperation.m */,
				DB2CF42D19E6E0230092DF79 /* UIImageView+AFNetworking.h */,
				DB2CF42E19E6E0230092DF79 /* UIImageView+AFNetworking.m */,
			);
			name = AFNetworking;
			sourceTree = "<group>";
		};
		DB2CF41A19E6DFFB0092DF79 /* SBJson */ = {
			isa = PBXGroup;
			children = (
				DB2CF43B19E6E0350092DF79 /* JSON.h */,
				DB2CF43C19E6E0350092DF79 /* NSObject+SBJSON.h */,
				DB2CF43D19E6E0350092DF79 /* NSObject+SBJSON.m */,
				DB2CF43E19E6E0350092DF79 /* NSString+SBJSON.h */,
				DB2CF43F19E6E0350092DF79 /* NSString+SBJSON.m */,
				DB2CF44019E6E0350092DF79 /* SBJsonBase.h */,
				DB2CF44119E6E0350092DF79 /* SBJsonBase.m */,
				DB2CF44219E6E0350092DF79 /* SBJsonParser.h */,
				DB2CF44319E6E0350092DF79 /* SBJsonParser.m */,
				DB2CF44419E6E0350092DF79 /* SBJsonWriter.h */,
				DB2CF44519E6E0350092DF79 /* SBJsonWriter.m */,
			);
			name = SBJson;
			sourceTree = "<group>";
		};
		DB2CF41B19E6E0070092DF79 /* DejalActivityView */ = {
			isa = PBXGroup;
			children = (
				DB2CF43819E6E02D0092DF79 /* DejalActivityView.h */,
				DB2CF43919E6E02D0092DF79 /* DejalActivityView.m */,
			);
			name = DejalActivityView;
			sourceTree = "<group>";
		};
/* End PBXGroup section */

/* Begin PBXNativeTarget section */
		02137C6519CB32B600F3A61F /* VoterBoat */ = {
			isa = PBXNativeTarget;
			buildConfigurationList = 02137C8919CB32B600F3A61F /* Build configuration list for PBXNativeTarget "VoterBoat" */;
			buildPhases = (
				02137C6219CB32B600F3A61F /* Sources */,
				02137C6319CB32B600F3A61F /* Frameworks */,
				02137C6419CB32B600F3A61F /* Resources */,
			);
			buildRules = (
			);
			dependencies = (
			);
			name = VoterBoat;
			productName = VoterBoat;
			productReference = 02137C6619CB32B600F3A61F /* VoterBoat.app */;
			productType = "com.apple.product-type.application";
		};
		02137C7E19CB32B600F3A61F /* VoterBoatTests */ = {
			isa = PBXNativeTarget;
			buildConfigurationList = 02137C8C19CB32B600F3A61F /* Build configuration list for PBXNativeTarget "VoterBoatTests" */;
			buildPhases = (
				02137C7B19CB32B600F3A61F /* Sources */,
				02137C7C19CB32B600F3A61F /* Frameworks */,
				02137C7D19CB32B600F3A61F /* Resources */,
			);
			buildRules = (
			);
			dependencies = (
				02137C8119CB32B600F3A61F /* PBXTargetDependency */,
			);
			name = VoterBoatTests;
			productName = VoterBoatTests;
			productReference = 02137C7F19CB32B600F3A61F /* VoterBoatTests.xctest */;
			productType = "com.apple.product-type.bundle.unit-test";
		};
/* End PBXNativeTarget section */

/* Begin PBXProject section */
		02137C5E19CB32B600F3A61F /* Project object */ = {
			isa = PBXProject;
			attributes = {
				LastUpgradeCheck = 0600;
				TargetAttributes = {
					02137C6519CB32B600F3A61F = {
						CreatedOnToolsVersion = 6.0.1;
					};
					02137C7E19CB32B600F3A61F = {
						CreatedOnToolsVersion = 6.0.1;
						TestTargetID = 02137C6519CB32B600F3A61F;
					};
				};
			};
			buildConfigurationList = 02137C6119CB32B600F3A61F /* Build configuration list for PBXProject "VoterBoat" */;
			compatibilityVersion = "Xcode 3.2";
			developmentRegion = English;
			hasScannedForEncodings = 0;
			knownRegions = (
				en,
				Base,
			);
			mainGroup = 02137C5D19CB32B600F3A61F;
			productRefGroup = 02137C6719CB32B600F3A61F /* Products */;
			projectDirPath = "";
			projectRoot = "";
			targets = (
				02137C6519CB32B600F3A61F /* VoterBoat */,
				02137C7E19CB32B600F3A61F /* VoterBoatTests */,
			);
		};
/* End PBXProject section */

/* Begin PBXResourcesBuildPhase section */
		02137C6419CB32B600F3A61F /* Resources */ = {
			isa = PBXResourcesBuildPhase;
			buildActionMask = 2147483647;
			files = (
				0286148519DB00D100F235EF /* 735561B2-EA29-4D18-9B75-F15714D7C7D0_mw1024_s_n.jpg in Resources */,
				0286148419DB00D100F235EF /* o-SUPREME-COURT-facebook.jpg in Resources */,
				02137C7519CB32B600F3A61F /* Main.storyboard in Resources */,
				02AC1F1D19E4430F00A664EE /* Images-2.xcassets in Resources */,
				0286149019DB01CD00F235EF /* brandenburg_gate-32.png in Resources */,
				029DBC1419D46D8E008844E4 /* Pacifico.ttf in Resources */,
				0286148319DB00D100F235EF /* USA-White-House.jpg in Resources */,
				0286148819DB011500F235EF /* brandenburg_gate-32@2x.png in Resources */,
				0286148C19DB014D00F235EF /* law-32@2x.png in Resources */,
				02137C7A19CB32B600F3A61F /* LaunchScreen.xib in Resources */,
				0286148E19DB018A00F235EF /* business-32.png in Resources */,
				0286148A19DB012C00F235EF /* business-32@2x.png in Resources */,
				0286149219DB01E400F235EF /* law-32.png in Resources */,
				02E4135B19CB3B2E005A4DEF /* 1289493_21101753.jpg in Resources */,
				02137C7719CB32B600F3A61F /* Images.xcassets in Resources */,
			);
			runOnlyForDeploymentPostprocessing = 0;
		};
		02137C7D19CB32B600F3A61F /* Resources */ = {
			isa = PBXResourcesBuildPhase;
			buildActionMask = 2147483647;
			files = (
			);
			runOnlyForDeploymentPostprocessing = 0;
		};
/* End PBXResourcesBuildPhase section */

/* Begin PBXSourcesBuildPhase section */
		02137C6219CB32B600F3A61F /* Sources */ = {
			isa = PBXSourcesBuildPhase;
			buildActionMask = 2147483647;
			files = (
				DB2CF44919E6E0350092DF79 /* SBJsonParser.m in Sources */,
				DB2CF43519E6E0230092DF79 /* AFURLConnectionOperation.m in Sources */,
				DB2CF43619E6E0230092DF79 /* AFXMLRequestOperation.m in Sources */,
				DB2CF43219E6E0230092DF79 /* AFJSONRequestOperation.m in Sources */,
				DB2CF43019E6E0230092DF79 /* AFHTTPRequestOperation.m in Sources */,
				DB2CF44619E6E0350092DF79 /* NSObject+SBJSON.m in Sources */,
				0286147F19DAFFF300F235EF /* ExecutiveController.m in Sources */,
				02137C7219CB32B600F3A61F /* ViewController.m in Sources */,
				DB2CF44719E6E0350092DF79 /* NSString+SBJSON.m in Sources */,
				0286147919DAFDC900F235EF /* CandidatesController.m in Sources */,
				029DBC1219D465AB008844E4 /* LoginSignupController.m in Sources */,
				0286147C19DAFFBA00F235EF /* LegislationController.m in Sources */,
				DB2CF43119E6E0230092DF79 /* AFImageRequestOperation.m in Sources */,
				DB2CF44A19E6E0350092DF79 /* SBJsonWriter.m in Sources */,
				DB2CF43319E6E0230092DF79 /* AFNetworkActivityIndicatorManager.m in Sources */,
				DB2CF43719E6E0230092DF79 /* UIImageView+AFNetworking.m in Sources */,
				02137C6F19CB32B600F3A61F /* AppDelegate.m in Sources */,
				02137C6C19CB32B600F3A61F /* main.m in Sources */,
				DB2CF43A19E6E02D0092DF79 /* DejalActivityView.m in Sources */,
				DB2CF44819E6E0350092DF79 /* SBJsonBase.m in Sources */,
				DB2CF42F19E6E0230092DF79 /* AFHTTPClient.m in Sources */,
				DB2CF43419E6E0230092DF79 /* AFPropertyListRequestOperation.m in Sources */,
			);
			runOnlyForDeploymentPostprocessing = 0;
		};
		02137C7B19CB32B600F3A61F /* Sources */ = {
			isa = PBXSourcesBuildPhase;
			buildActionMask = 2147483647;
			files = (
				02137C8619CB32B600F3A61F /* VoterBoatTests.m in Sources */,
			);
			runOnlyForDeploymentPostprocessing = 0;
		};
/* End PBXSourcesBuildPhase section */

/* Begin PBXTargetDependency section */
		02137C8119CB32B600F3A61F /* PBXTargetDependency */ = {
			isa = PBXTargetDependency;
			target = 02137C6519CB32B600F3A61F /* VoterBoat */;
			targetProxy = 02137C8019CB32B600F3A61F /* PBXContainerItemProxy */;
		};
/* End PBXTargetDependency section */

/* Begin PBXVariantGroup section */
		02137C7319CB32B600F3A61F /* Main.storyboard */ = {
			isa = PBXVariantGroup;
			children = (
				02137C7419CB32B600F3A61F /* Base */,
			);
			name = Main.storyboard;
			sourceTree = "<group>";
		};
		02137C7819CB32B600F3A61F /* LaunchScreen.xib */ = {
			isa = PBXVariantGroup;
			children = (
				02137C7919CB32B600F3A61F /* Base */,
			);
			name = LaunchScreen.xib;
			sourceTree = "<group>";
		};
/* End PBXVariantGroup section */

/* Begin XCBuildConfiguration section */
		02137C8719CB32B600F3A61F /* Debug */ = {
			isa = XCBuildConfiguration;
			buildSettings = {
				ALWAYS_SEARCH_USER_PATHS = NO;
				CLANG_CXX_LANGUAGE_STANDARD = "gnu++0x";
				CLANG_CXX_LIBRARY = "libc++";
				CLANG_ENABLE_MODULES = YES;
				CLANG_ENABLE_OBJC_ARC = YES;
				CLANG_WARN_BOOL_CONVERSION = YES;
				CLANG_WARN_CONSTANT_CONVERSION = YES;
				CLANG_WARN_DIRECT_OBJC_ISA_USAGE = YES_ERROR;
				CLANG_WARN_EMPTY_BODY = YES;
				CLANG_WARN_ENUM_CONVERSION = YES;
				CLANG_WARN_INT_CONVERSION = YES;
				CLANG_WARN_OBJC_ROOT_CLASS = YES_ERROR;
				CLANG_WARN_UNREACHABLE_CODE = YES;
				CLANG_WARN__DUPLICATE_METHOD_MATCH = YES;
				"CODE_SIGN_IDENTITY[sdk=iphoneos*]" = "iPhone Developer";
				COPY_PHASE_STRIP = NO;
				ENABLE_STRICT_OBJC_MSGSEND = YES;
				GCC_C_LANGUAGE_STANDARD = gnu99;
				GCC_DYNAMIC_NO_PIC = NO;
				GCC_OPTIMIZATION_LEVEL = 0;
				GCC_PREPROCESSOR_DEFINITIONS = (
					"DEBUG=1",
					"$(inherited)",
				);
				GCC_SYMBOLS_PRIVATE_EXTERN = NO;
				GCC_WARN_64_TO_32_BIT_CONVERSION = YES;
				GCC_WARN_ABOUT_RETURN_TYPE = YES_ERROR;
				GCC_WARN_UNDECLARED_SELECTOR = YES;
				GCC_WARN_UNINITIALIZED_AUTOS = YES_AGGRESSIVE;
				GCC_WARN_UNUSED_FUNCTION = YES;
				GCC_WARN_UNUSED_VARIABLE = YES;
				IPHONEOS_DEPLOYMENT_TARGET = 8.0;
				MTL_ENABLE_DEBUG_INFO = YES;
				ONLY_ACTIVE_ARCH = YES;
				SDKROOT = iphoneos;
				TARGETED_DEVICE_FAMILY = "1,2";
			};
			name = Debug;
		};
		02137C8819CB32B600F3A61F /* Release */ = {
			isa = XCBuildConfiguration;
			buildSettings = {
				ALWAYS_SEARCH_USER_PATHS = NO;
				CLANG_CXX_LANGUAGE_STANDARD = "gnu++0x";
				CLANG_CXX_LIBRARY = "libc++";
				CLANG_ENABLE_MODULES = YES;
				CLANG_ENABLE_OBJC_ARC = YES;
				CLANG_WARN_BOOL_CONVERSION = YES;
				CLANG_WARN_CONSTANT_CONVERSION = YES;
				CLANG_WARN_DIRECT_OBJC_ISA_USAGE = YES_ERROR;
				CLANG_WARN_EMPTY_BODY = YES;
				CLANG_WARN_ENUM_CONVERSION = YES;
				CLANG_WARN_INT_CONVERSION = YES;
				CLANG_WARN_OBJC_ROOT_CLASS = YES_ERROR;
				CLANG_WARN_UNREACHABLE_CODE = YES;
				CLANG_WARN__DUPLICATE_METHOD_MATCH = YES;
				"CODE_SIGN_IDENTITY[sdk=iphoneos*]" = "iPhone Developer";
				COPY_PHASE_STRIP = YES;
				ENABLE_NS_ASSERTIONS = NO;
				ENABLE_STRICT_OBJC_MSGSEND = YES;
				GCC_C_LANGUAGE_STANDARD = gnu99;
				GCC_WARN_64_TO_32_BIT_CONVERSION = YES;
				GCC_WARN_ABOUT_RETURN_TYPE = YES_ERROR;
				GCC_WARN_UNDECLARED_SELECTOR = YES;
				GCC_WARN_UNINITIALIZED_AUTOS = YES_AGGRESSIVE;
				GCC_WARN_UNUSED_FUNCTION = YES;
				GCC_WARN_UNUSED_VARIABLE = YES;
				IPHONEOS_DEPLOYMENT_TARGET = 8.0;
				MTL_ENABLE_DEBUG_INFO = NO;
				SDKROOT = iphoneos;
				TARGETED_DEVICE_FAMILY = "1,2";
				VALIDATE_PRODUCT = YES;
			};
			name = Release;
		};
		02137C8A19CB32B600F3A61F /* Debug */ = {
			isa = XCBuildConfiguration;
			buildSettings = {
				ASSETCATALOG_COMPILER_APPICON_NAME = AppIcon;
				ASSETCATALOG_COMPILER_LAUNCHIMAGE_NAME = LaunchImage;
				INFOPLIST_FILE = VoterBoat/Info.plist;
				LD_RUNPATH_SEARCH_PATHS = "$(inherited) @executable_path/Frameworks";
				PRODUCT_NAME = "$(TARGET_NAME)";
				TARGETED_DEVICE_FAMILY = 1;
			};
			name = Debug;
		};
		02137C8B19CB32B600F3A61F /* Release */ = {
			isa = XCBuildConfiguration;
			buildSettings = {
				ASSETCATALOG_COMPILER_APPICON_NAME = AppIcon;
				ASSETCATALOG_COMPILER_LAUNCHIMAGE_NAME = LaunchImage;
				INFOPLIST_FILE = VoterBoat/Info.plist;
				LD_RUNPATH_SEARCH_PATHS = "$(inherited) @executable_path/Frameworks";
				PRODUCT_NAME = "$(TARGET_NAME)";
				TARGETED_DEVICE_FAMILY = 1;
			};
			name = Release;
		};
		02137C8D19CB32B600F3A61F /* Debug */ = {
			isa = XCBuildConfiguration;
			buildSettings = {
				BUNDLE_LOADER = "$(TEST_HOST)";
				FRAMEWORK_SEARCH_PATHS = (
					"$(SDKROOT)/Developer/Library/Frameworks",
					"$(inherited)",
				);
				GCC_PREPROCESSOR_DEFINITIONS = (
					"DEBUG=1",
					"$(inherited)",
				);
				INFOPLIST_FILE = VoterBoatTests/Info.plist;
				LD_RUNPATH_SEARCH_PATHS = "$(inherited) @executable_path/Frameworks @loader_path/Frameworks";
				PRODUCT_NAME = "$(TARGET_NAME)";
				TEST_HOST = "$(BUILT_PRODUCTS_DIR)/VoterBoat.app/VoterBoat";
			};
			name = Debug;
		};
		02137C8E19CB32B600F3A61F /* Release */ = {
			isa = XCBuildConfiguration;
			buildSettings = {
				BUNDLE_LOADER = "$(TEST_HOST)";
				FRAMEWORK_SEARCH_PATHS = (
					"$(SDKROOT)/Developer/Library/Frameworks",
					"$(inherited)",
				);
				INFOPLIST_FILE = VoterBoatTests/Info.plist;
				LD_RUNPATH_SEARCH_PATHS = "$(inherited) @executable_path/Frameworks @loader_path/Frameworks";
				PRODUCT_NAME = "$(TARGET_NAME)";
				TEST_HOST = "$(BUILT_PRODUCTS_DIR)/VoterBoat.app/VoterBoat";
			};
			name = Release;
		};
/* End XCBuildConfiguration section */

/* Begin XCConfigurationList section */
		02137C6119CB32B600F3A61F /* Build configuration list for PBXProject "VoterBoat" */ = {
			isa = XCConfigurationList;
			buildConfigurations = (
				02137C8719CB32B600F3A61F /* Debug */,
				02137C8819CB32B600F3A61F /* Release */,
			);
			defaultConfigurationIsVisible = 0;
			defaultConfigurationName = Release;
		};
		02137C8919CB32B600F3A61F /* Build configuration list for PBXNativeTarget "VoterBoat" */ = {
			isa = XCConfigurationList;
			buildConfigurations = (
				02137C8A19CB32B600F3A61F /* Debug */,
				02137C8B19CB32B600F3A61F /* Release */,
			);
			defaultConfigurationIsVisible = 0;
			defaultConfigurationName = Release;
		};
		02137C8C19CB32B600F3A61F /* Build configuration list for PBXNativeTarget "VoterBoatTests" */ = {
			isa = XCConfigurationList;
			buildConfigurations = (
				02137C8D19CB32B600F3A61F /* Debug */,
				02137C8E19CB32B600F3A61F /* Release */,
			);
			defaultConfigurationIsVisible = 0;
			defaultConfigurationName = Release;
		};
/* End XCConfigurationList section */
	};
	rootObject = 02137C5E19CB32B600F3A61F /* Project object */;
}
